schema_version=1
version=2.2.0
commit=d8894bf4453e6b6beaa6de7ce2e082497cb236f2
asset=base-bash-libs-v2.2.0.tar.gz
asset_sha256=0865dfcda60eeaa7cc2cf276681984e29f1ccaf5c2858cbe58fe3a85063ab27f
manifest_sha256=271ab04446107025904424d6bd64aba41a1f4afb888f5d59e47623fc05e74f6a
provenance=release-artifact
